
Microsoft Visual Studio Solution File, Format Version 12.00
# Visual Studio Version 17
VisualStudioVersion = 17.4.33403.182
MinimumVisualStudioVersion = 10.0.40219.1
Project("{FAE04EC0-301F-11D3-BF4B-00C04F79EFBC}") = "минимальный элемент", "минимальный элемент.csproj", "{079005F5-780B-4EAA-BFBA-0CD8553FA1D0}"
EndProject
Global
	GlobalSection(SolutionConfigurationPlatforms) = preSolution
		Debug|Any CPU = Debug|Any CPU
		Release|Any CPU = Release|Any CPU
	EndGlobalSection
	GlobalSection(ProjectConfigurationPlatforms) = postSolution
		{079005F5-780B-4EAA-BFBA-0CD8553FA1D0}.Debug|Any CPU.ActiveCfg = Debug|Any CPU
		{079005F5-780B-4EAA-BFBA-0CD8553FA1D0}.Debug|Any CPU.Build.0 = Debug|Any CPU
		{079005F5-780B-4EAA-BFBA-0CD8553FA1D0}.Release|Any CPU.ActiveCfg = Release|Any CPU
		{079005F5-780B-4EAA-BFBA-0CD8553FA1D0}.Release|Any CPU.Build.0 = Release|Any CPU
	EndGlobalSection
	GlobalSection(SolutionProperties) = preSolution
		HideSolutionNode = FALSE
	EndGlobalSection
	GlobalSection(ExtensibilityGlobals) = postSolution
		SolutionGuid = {D4266E9E-CEC8-427E-89F8-F2B11B46CAC9}
	EndGlobalSection
EndGlobal
